
Microsoft Visual Studio Solution File, Format Version 12.00
# Visual Studio Version 17
VisualStudioVersion = 17.14.36408.4 d17.14
MinimumVisualStudioVersion = 10.0.40219.1
Project("{FAE04EC0-301F-11D3-BF4B-00C04F79EFBC}") = "Recon", "Recon\Recon.csproj", "{2585CCD1-881B-449F-B11B-A7FCC2E4EFAC}"
EndProject
Project("{FAE04EC0-301F-11D3-BF4B-00C04F79EFBC}") = "ExampleClient", "ExampleClient\ExampleClient.csproj", "{01AD118C-1148-40E6-A1FC-8F2C5D0A0D6C}"
EndProject
Global
	GlobalSection(SolutionConfigurationPlatforms) = preSolution
		Debug|Any CPU = Debug|Any CPU
		Release|Any CPU = Release|Any CPU
	EndGlobalSection
	GlobalSection(ProjectConfigurationPlatforms) = postSolution
		{2585CCD1-881B-449F-B11B-A7FCC2E4EFAC}.Debug|Any CPU.ActiveCfg = Debug|Any CPU
		{2585CCD1-881B-449F-B11B-A7FCC2E4EFAC}.Debug|Any CPU.Build.0 = Debug|Any CPU
		{2585CCD1-881B-449F-B11B-A7FCC2E4EFAC}.Release|Any CPU.ActiveCfg = Release|Any CPU
		{2585CCD1-881B-449F-B11B-A7FCC2E4EFAC}.Release|Any CPU.Build.0 = Release|Any CPU
		{01AD118C-1148-40E6-A1FC-8F2C5D0A0D6C}.Debug|Any CPU.ActiveCfg = Debug|Any CPU
		{01AD118C-1148-40E6-A1FC-8F2C5D0A0D6C}.Debug|Any CPU.Build.0 = Debug|Any CPU
		{01AD118C-1148-40E6-A1FC-8F2C5D0A0D6C}.Release|Any CPU.ActiveCfg = Release|Any CPU
		{01AD118C-1148-40E6-A1FC-8F2C5D0A0D6C}.Release|Any CPU.Build.0 = Release|Any CPU
	EndGlobalSection
	GlobalSection(SolutionProperties) = preSolution
		HideSolutionNode = FALSE
	EndGlobalSection
	GlobalSection(ExtensibilityGlobals) = postSolution
		SolutionGuid = {64FBB2CD-B1C7-44DC-AC45-C38C4986C396}
	EndGlobalSection
EndGlobal
